
Microsoft Visual Studio Solution File, Format Version 12.00
# Visual Studio 15
VisualStudioVersion = 15.0.26430.15
MinimumVisualStudioVersion = 10.0.40219.1
Project("{FAE04EC0-301F-11D3-BF4B-00C04F79EFBC}") = "FoodWeb", "FoodWeb\FoodWeb.csproj", "{810098BB-A605-4324-BE3F-75312095FC01}"
EndProject
Project("{FAE04EC0-301F-11D3-BF4B-00C04F79EFBC}") = "FoodWeb.Model", "FoodWeb.Model\FoodWeb.Model.csproj", "{344A3441-78B5-40E9-8A04-7E6C9A27B81F}"
EndProject
Project("{FAE04EC0-301F-11D3-BF4B-00C04F79EFBC}") = "FoodWeb.Data", "FoodWeb.Data\FoodWeb.Data.csproj", "{3450DF8F-9C5B-4480-92DC-54278066D177}"
EndProject
Project("{FAE04EC0-301F-11D3-BF4B-00C04F79EFBC}") = "FoodWeb.Service", "FoodWeb.Service\FoodWeb.Service.csproj", "{E6CB9679-5C36-4C21-BFA1-09B363560C3B}"
EndProject
Global
	GlobalSection(SolutionConfigurationPlatforms) = preSolution
		Debug|Any CPU = Debug|Any CPU
		Release|Any CPU = Release|Any CPU
	EndGlobalSection
	GlobalSection(ProjectConfigurationPlatforms) = postSolution
		{810098BB-A605-4324-BE3F-75312095FC01}.Debug|Any CPU.ActiveCfg = Debug|Any CPU
		{810098BB-A605-4324-BE3F-75312095FC01}.Debug|Any CPU.Build.0 = Debug|Any CPU
		{810098BB-A605-4324-BE3F-75312095FC01}.Release|Any CPU.ActiveCfg = Release|Any CPU
		{810098BB-A605-4324-BE3F-75312095FC01}.Release|Any CPU.Build.0 = Release|Any CPU
		{344A3441-78B5-40E9-8A04-7E6C9A27B81F}.Debug|Any CPU.ActiveCfg = Debug|Any CPU
		{344A3441-78B5-40E9-8A04-7E6C9A27B81F}.Debug|Any CPU.Build.0 = Debug|Any CPU
		{344A3441-78B5-40E9-8A04-7E6C9A27B81F}.Release|Any CPU.ActiveCfg = Release|Any CPU
		{344A3441-78B5-40E9-8A04-7E6C9A27B81F}.Release|Any CPU.Build.0 = Release|Any CPU
		{3450DF8F-9C5B-4480-92DC-54278066D177}.Debug|Any CPU.ActiveCfg = Debug|Any CPU
		{3450DF8F-9C5B-4480-92DC-54278066D177}.Debug|Any CPU.Build.0 = Debug|Any CPU
		{3450DF8F-9C5B-4480-92DC-54278066D177}.Release|Any CPU.ActiveCfg = Release|Any CPU
		{3450DF8F-9C5B-4480-92DC-54278066D177}.Release|Any CPU.Build.0 = Release|Any CPU
		{E6CB9679-5C36-4C21-BFA1-09B363560C3B}.Debug|Any CPU.ActiveCfg = Debug|Any CPU
		{E6CB9679-5C36-4C21-BFA1-09B363560C3B}.Debug|Any CPU.Build.0 = Debug|Any CPU
		{E6CB9679-5C36-4C21-BFA1-09B363560C3B}.Release|Any CPU.ActiveCfg = Release|Any CPU
		{E6CB9679-5C36-4C21-BFA1-09B363560C3B}.Release|Any CPU.Build.0 = Release|Any CPU
	EndGlobalSection
	GlobalSection(SolutionProperties) = preSolution
		HideSolutionNode = FALSE
	EndGlobalSection
EndGlobal
